// !$*UTF8*$!
{
	archiveVersion = 1;
	classes = {
	};
	objectVersion = 50;
	objects = {

/* Begin PBXBuildFile section */
		AAAC5E9E260ACBD2006C9F95 /* AppDelegate.swift in Sources */ = {isa = PBXBuildFile; fileRef = AAAC5E9D260ACBD2006C9F95 /* AppDelegate.swift */; };
		AAAC5EA0260ACBD2006C9F95 /* SceneDelegate.swift in Sources */ = {isa = PBXBuildFile; fileRef = AAAC5E9F260ACBD2006C9F95 /* SceneDelegate.swift */; };
		AAAC5EA2260ACBD2006C9F95 /* ViewController.swift in Sources */ = {isa = PBXBuildFile; fileRef = AAAC5EA1260ACBD2006C9F95 /* ViewController.swift */; };
		AAAC5EA5260ACBD2006C9F95 /* Main.storyboard in Resources */ = {isa = PBXBuildFile; fileRef = AAAC5EA3260ACBD2006C9F95 /* Main.storyboard */; };
		AAAC5EA7260ACBD2006C9F95 /* Assets.xcassets in Resources */ = {isa = PBXBuildFile; fileRef = AAAC5EA6260ACBD2006C9F95 /* Assets.xcassets */; };
		AAAC5EAA260ACBD2006C9F95 /* LaunchScreen.storyboard in Resources */ = {isa = PBXBuildFile; fileRef = AAAC5EA8260ACBD2006C9F95 /* LaunchScreen.storyboard */; };
		AAAC5EB3260ACBEC006C9F95 /* main.swift in Sources */ = {isa = PBXBuildFile; fileRef = AAAC5EB2260ACBEC006C9F95 /* main.swift */; };
		AAAC5EB7260ACF5F006C9F95 /* DotView.swift in Sources */ = {isa = PBXBuildFile; fileRef = AAAC5EB6260ACF5F006C9F95 /* DotView.swift */; };
/* End PBXBuildFile section */

/* Begin PBXFileReference section */
		AAAC5E9A260ACBD2006C9F95 /* dotView.app */ = {isa = PBXFileReference; explicitFileType = wrapper.application; includeInIndex = 0; path = dotView.app; sourceTree = BUILT_PRODUCTS_DIR; };
		AAAC5E9D260ACBD2006C9F95 /* AppDelegate.swift */ = {isa = PBXFileReference; lastKnownFileType = sourcecode.swift; path = AppDelegate.swift; sourceTree = "<group>"; };
		AAAC5E9F260ACBD2006C9F95 /* SceneDelegate.swift */ = {isa = PBXFileReference; lastKnownFileType = sourcecode.swift; path = SceneDelegate.swift; sourceTree = "<group>"; };
		AAAC5EA1260ACBD2006C9F95 /* ViewController.swift */ = {isa = PBXFileReference; lastKnownFileType = sourcecode.swift; path = ViewController.swift; sourceTree = "<group>"; };
		AAAC5EA4260ACBD2006C9F95 /* Base */ = {isa = PBXFileReference; lastKnownFileType = file.storyboard; name = Base; path = Base.lproj/Main.storyboard; sourceTree = "<group>"; };
		AAAC5EA6260ACBD2006C9F95 /* Assets.xcassets */ = {isa = PBXFileReference; lastKnownFileType = folder.assetcatalog; path = Assets.xcassets; sourceTree = "<group>"; };
		AAAC5EA9260ACBD2006C9F95 /* Base */ = {isa = PBXFileReference; lastKnownFileType = file.storyboard; name = Base; path = Base.lproj/LaunchScreen.storyboard; sourceTree = "<group>"; };
		AAAC5EAB260ACBD2006C9F95 /* Info.plist */ = {isa = PBXFileReference; lastKnownFileType = text.plist.xml; path = Info.plist; sourceTree = "<group>"; };
		AAAC5EB2260ACBEC006C9F95 /* main.swift */ = {isa = PBXFileReference; lastKnownFileType = sourcecode.swift; path = main.swift; sourceTree = "<group>"; };
		AAAC5EB6260ACF5F006C9F95 /* DotView.swift */ = {isa = PBXFileReference; lastKnownFileType = sourcecode.swift; path = DotView.swift; sourceTree = "<group>"; };
/* End PBXFileReference section */

/* Begin PBXFrameworksBuildPhase section */
		AAAC5E97260ACBD2006C9F95 /* Frameworks */ = {
			isa = PBXFrameworksBuildPhase;
			buildActionMask = 2147483647;
			files = (
			);
			runOnlyForDeploymentPostprocessing = 0;
		};
/* End PBXFrameworksBuildPhase section */

/* Begin PBXGroup section */
		AAAC5E91260ACBD2006C9F95 = {
			isa = PBXGroup;
			children = (
				AAAC5E9C260ACBD2006C9F95 /* dotView */,
				AAAC5E9B260ACBD2006C9F95 /* Products */,
			);
			sourceTree = "<group>";
		};
		AAAC5E9B260ACBD2006C9F95 /* Products */ = {
			isa = PBXGroup;
			children = (
				AAAC5E9A260ACBD2006C9F95 /* dotView.app */,
			);
			name = Products;
			sourceTree = "<group>";
		};
		AAAC5E9C260ACBD2006C9F95 /* dotView */ = {
			isa = PBXGroup;
			children = (
				AAAC5E9D260ACBD2006C9F95 /* AppDelegate.swift */,
				AAAC5EB6260ACF5F006C9F95 /* DotView.swift */,
				AAAC5EB2260ACBEC006C9F95 /* main.swift */,
				AAAC5E9F260ACBD2006C9F95 /* SceneDelegate.swift */,
				AAAC5EA1260ACBD2006C9F95 /* ViewController.swift */,
				AAAC5EA3260ACBD2006C9F95 /* Main.storyboard */,
				AAAC5EA6260ACBD2006C9F95 /* Assets.xcassets */,
				AAAC5EA8260ACBD2006C9F95 /* LaunchScreen.storyboard */,
				AAAC5EAB260ACBD2006C9F95 /* Info.plist */,
			);
			path = dotView;
			sourceTree = "<group>";
		};
/* End PBXGroup section */

/* Begin PBXNativeTarget section */
		AAAC5E99260ACBD2006C9F95 /* dotView */ = {
			isa = PBXNativeTarget;
			buildConfigurationList = AAAC5EAE260ACBD2006C9F95 /* Build configuration list for PBXNativeTarget "dotView" */;
			buildPhases = (
				AAAC5E96260ACBD2006C9F95 /* Sources */,
				AAAC5E97260ACBD2006C9F95 /* Frameworks */,
				AAAC5E98260ACBD2006C9F95 /* Resources */,
			);
			buildRules = (
			);
			dependencies = (
			);
			name = dotView;
			productName = dotView;
			productReference = AAAC5E9A260ACBD2006C9F95 /* dotView.app */;
			productType = "com.apple.product-type.application";
		};
/* End PBXNativeTarget section */

/* Begin PBXProject section */
		AAAC5E92260ACBD2006C9F95 /* Project object */ = {
			isa = PBXProject;
			attributes = {
				LastSwiftUpdateCheck = 1240;
				LastUpgradeCheck = 1240;
				TargetAttributes = {
					AAAC5E99260ACBD2006C9F95 = {
						CreatedOnToolsVersion = 12.4;
					};
				};
			};
			buildConfigurationList = AAAC5E95260ACBD2006C9F95 /* Build configuration list for PBXProject "dotView" */;
			compatibilityVersion = "Xcode 9.3";
			developmentRegion = en;
			hasScannedForEncodings = 0;
			knownRegions = (
				en,
				Base,
			);
			mainGroup = AAAC5E91260ACBD2006C9F95;
			productRefGroup = AAAC5E9B260ACBD2006C9F95 /* Products */;
			projectDirPath = "";
			projectRoot = "";
			targets = (
				AAAC5E99260ACBD2006C9F95 /* dotView */,
			);
		};
/* End PBXProject section */

/* Begin PBXResourcesBuildPhase section */
		AAAC5E98260ACBD2006C9F95 /* Resources */ = {
			isa = PBXResourcesBuildPhase;
			buildActionMask = 2147483647;
			files = (
				AAAC5EAA260ACBD2006C9F95 /* LaunchScreen.storyboard in Resources */,
				AAAC5EA7260ACBD2006C9F95 /* Assets.xcassets in Resources */,
				AAAC5EA5260ACBD2006C9F95 /* Main.storyboard in Resources */,
			);
			runOnlyForDeploymentPostprocessing = 0;
		};
/* End PBXResourcesBuildPhase section */

/* Begin PBXSourcesBuildPhase section */
		AAAC5E96260ACBD2006C9F95 /* Sources */ = {
			isa = PBXSourcesBuildPhase;
			buildActionMask = 2147483647;
			files = (
				AAAC5EA2260ACBD2006C9F95 /* ViewController.swift in Sources */,
				AAAC5E9E260ACBD2006C9F95 /* AppDelegate.swift in Sources */,
				AAAC5EB3260ACBEC006C9F95 /* main.swift in Sources */,
				AAAC5EA0260ACBD2006C9F95 /* SceneDelegate.swift in Sources */,
				AAAC5EB7260ACF5F006C9F95 /* DotView.swift in Sources */,
			);
			runOnlyForDeploymentPostprocessing = 0;
		};
/* End PBXSourcesBuildPhase section */

/* Begin PBXVariantGroup section */
		AAAC5EA3260ACBD2006C9F95 /* Main.storyboard */ = {
			isa = PBXVariantGroup;
			children = (
				AAAC5EA4260ACBD2006C9F95 /* Base */,
			);
			name = Main.storyboard;
			sourceTree = "<group>";
		};
		AAAC5EA8260ACBD2006C9F95 /* LaunchScreen.storyboard */ = {
			isa = PBXVariantGroup;
			children = (
				AAAC5EA9260ACBD2006C9F95 /* Base */,
			);
			name = LaunchScreen.storyboard;
			sourceTree = "<group>";
		};
/* End PBXVariantGroup section */

/* Begin XCBuildConfiguration section */
		AAAC5EAC260ACBD2006C9F95 /* Debug */ = {
			isa = XCBuildConfiguration;
			buildSettings = {
				ALWAYS_SEARCH_USER_PATHS = NO;
				CLANG_ANALYZER_NONNULL = YES;
				CLANG_ANALYZER_NUMBER_OBJECT_CONVERSION = YES_AGGRESSIVE;
				CLANG_CXX_LANGUAGE_STANDARD = "gnu++14";
				CLANG_CXX_LIBRARY = "libc++";
				CLANG_ENABLE_MODULES = YES;
				CLANG_ENABLE_OBJC_ARC = YES;
				CLANG_ENABLE_OBJC_WEAK = YES;
				CLANG_WARN_BLOCK_CAPTURE_AUTORELEASING = YES;
				CLANG_WARN_BOOL_CONVERSION = YES;
				CLANG_WARN_COMMA = YES;
				CLANG_WARN_CONSTANT_CONVERSION = YES;
				CLANG_WARN_DEPRECATED_OBJC_IMPLEMENTATIONS = YES;
				CLANG_WARN_DIRECT_OBJC_ISA_USAGE = YES_ERROR;
				CLANG_WARN_DOCUMENTATION_COMMENTS = YES;
				CLANG_WARN_EMPTY_BODY = YES;
				CLANG_WARN_ENUM_CONVERSION = YES;
				CLANG_WARN_INFINITE_RECURSION = YES;
				CLANG_WARN_INT_CONVERSION = YES;
				CLANG_WARN_NON_LITERAL_NULL_CONVERSION = YES;
				CLANG_WARN_OBJC_IMPLICIT_RETAIN_SELF = YES;
				CLANG_WARN_OBJC_LITERAL_CONVERSION = YES;
				CLANG_WARN_OBJC_ROOT_CLASS = YES_ERROR;
				CLANG_WARN_QUOTED_INCLUDE_IN_FRAMEWORK_HEADER = YES;
				CLANG_WARN_RANGE_LOOP_ANALYSIS = YES;
				CLANG_WARN_STRICT_PROTOTYPES = YES;
				CLANG_WARN_SUSPICIOUS_MOVE = YES;
				CLANG_WARN_UNGUARDED_AVAILABILITY = YES_AGGRESSIVE;
				CLANG_WARN_UNREACHABLE_CODE = YES;
				CLANG_WARN__DUPLICATE_METHOD_MATCH = YES;
				COPY_PHASE_STRIP = NO;
				DEBUG_INFORMATION_FORMAT = dwarf;
				ENABLE_STRICT_OBJC_MSGSEND = YES;
				ENABLE_TESTABILITY = YES;
				GCC_C_LANGUAGE_STANDARD = gnu11;
				GCC_DYNAMIC_NO_PIC = NO;
				GCC_NO_COMMON_BLOCKS = YES;
				GCC_OPTIMIZATION_LEVEL = 0;
				GCC_PREPROCESSOR_DEFINITIONS = (
					"DEBUG=1",
					"$(inherited)",
				);
				GCC_WARN_64_TO_32_BIT_CONVERSION = YES;
				GCC_WARN_ABOUT_RETURN_TYPE = YES_ERROR;
				GCC_WARN_UNDECLARED_SELECTOR = YES;
				GCC_WARN_UNINITIALIZED_AUTOS = YES_AGGRESSIVE;
				GCC_WARN_UNUSED_FUNCTION = YES;
				GCC_WARN_UNUSED_VARIABLE = YES;
				IPHONEOS_DEPLOYMENT_TARGET = 14.4;
				MTL_ENABLE_DEBUG_INFO = INCLUDE_SOURCE;
				MTL_FAST_MATH = YES;
				ONLY_ACTIVE_ARCH = YES;
				SDKROOT = iphoneos;
				SWIFT_ACTIVE_COMPILATION_CONDITIONS = DEBUG;
				SWIFT_OPTIMIZATION_LEVEL = "-Onone";
			};
			name = Debug;
		};
		AAAC5EAD260ACBD2006C9F95 /* Release */ = {
			isa = XCBuildConfiguration;
			buildSettings = {
				ALWAYS_SEARCH_USER_PATHS = NO;
				CLANG_ANALYZER_NONNULL = YES;
				CLANG_ANALYZER_NUMBER_OBJECT_CONVERSION = YES_AGGRESSIVE;
				CLANG_CXX_LANGUAGE_STANDARD = "gnu++14";
				CLANG_CXX_LIBRARY = "libc++";
				CLANG_ENABLE_MODULES = YES;
				CLANG_ENABLE_OBJC_ARC = YES;
				CLANG_ENABLE_OBJC_WEAK = YES;
				CLANG_WARN_BLOCK_CAPTURE_AUTORELEASING = YES;
				CLANG_WARN_BOOL_CONVERSION = YES;
				CLANG_WARN_COMMA = YES;
				CLANG_WARN_CONSTANT_CONVERSION = YES;
				CLANG_WARN_DEPRECATED_OBJC_IMPLEMENTATIONS = YES;
				CLANG_WARN_DIRECT_OBJC_ISA_USAGE = YES_ERROR;
				CLANG_WARN_DOCUMENTATION_COMMENTS = YES;
				CLANG_WARN_EMPTY_BODY = YES;
				CLANG_WARN_ENUM_CONVERSION = YES;
				CLANG_WARN_INFINITE_RECURSION = YES;
				CLANG_WARN_INT_CONVERSION = YES;
				CLANG_WARN_NON_LITERAL_NULL_CONVERSION = YES;
				CLANG_WARN_OBJC_IMPLICIT_RETAIN_SELF = YES;
				CLANG_WARN_OBJC_LITERAL_CONVERSION = YES;
				CLANG_WARN_OBJC_ROOT_CLASS = YES_ERROR;
				CLANG_WARN_QUOTED_INCLUDE_IN_FRAMEWORK_HEADER = YES;
				CLANG_WARN_RANGE_LOOP_ANALYSIS = YES;
				CLANG_WARN_STRICT_PROTOTYPES = YES;
				CLANG_WARN_SUSPICIOUS_MOVE = YES;
				CLANG_WARN_UNGUARDED_AVAILABILITY = YES_AGGRESSIVE;
				CLANG_WARN_UNREACHABLE_CODE = YES;
				CLANG_WARN__DUPLICATE_METHOD_MATCH = YES;
				COPY_PHASE_STRIP = NO;
				DEBUG_INFORMATION_FORMAT = "dwarf-with-dsym";
				ENABLE_NS_ASSERTIONS = NO;
				ENABLE_STRICT_OBJC_MSGSEND = YES;
				GCC_C_LANGUAGE_STANDARD = gnu11;
				GCC_NO_COMMON_BLOCKS = YES;
				GCC_WARN_64_TO_32_BIT_CONVERSION = YES;
				GCC_WARN_ABOUT_RETURN_TYPE = YES_ERROR;
				GCC_WARN_UNDECLARED_SELECTOR = YES;
				GCC_WARN_UNINITIALIZED_AUTOS = YES_AGGRESSIVE;
				GCC_WARN_UNUSED_FUNCTION = YES;
				GCC_WARN_UNUSED_VARIABLE = YES;
				IPHONEOS_DEPLOYMENT_TARGET = 14.4;
				MTL_ENABLE_DEBUG_INFO = NO;
				MTL_FAST_MATH = YES;
				SDKROOT = iphoneos;
				SWIFT_COMPILATION_MODE = wholemodule;
				SWIFT_OPTIMIZATION_LEVEL = "-O";
				VALIDATE_PRODUCT = YES;
			};
			name = Release;
		};
		AAAC5EAF260ACBD2006C9F95 /* Debug */ = {
			isa = XCBuildConfiguration;
			buildSettings = {
				ASSETCATALOG_COMPILER_APPICON_NAME = AppIcon;
				ASSETCATALOG_COMPILER_GLOBAL_ACCENT_COLOR_NAME = AccentColor;
				CODE_SIGN_STYLE = Automatic;
				DEVELOPMENT_TEAM = B3P7CASDH7;
				INFOPLIST_FILE = dotView/Info.plist;
				LD_RUNPATH_SEARCH_PATHS = (
					"$(inherited)",
					"@executable_path/Frameworks",
				);
				PRODUCT_BUNDLE_IDENTIFIER = com.vsquared.dotView;
				PRODUCT_NAME = "$(TARGET_NAME)";
				SWIFT_VERSION = 5.0;
				TARGETED_DEVICE_FAMILY = "1,2";
			};
			name = Debug;
		};
		AAAC5EB0260ACBD2006C9F95 /* Release */ = {
			isa = XCBuildConfiguration;
			buildSettings = {
				ASSETCATALOG_COMPILER_APPICON_NAME = AppIcon;
				ASSETCATALOG_COMPILER_GLOBAL_ACCENT_COLOR_NAME = AccentColor;
				CODE_SIGN_STYLE = Automatic;
				DEVELOPMENT_TEAM = B3P7CASDH7;
				INFOPLIST_FILE = dotView/Info.plist;
				LD_RUNPATH_SEARCH_PATHS = (
					"$(inherited)",
					"@executable_path/Frameworks",
				);
				PRODUCT_BUNDLE_IDENTIFIER = com.vsquared.dotView;
				PRODUCT_NAME = "$(TARGET_NAME)";
				SWIFT_VERSION = 5.0;
				TARGETED_DEVICE_FAMILY = "1,2";
			};
			name = Release;
		};
/* End XCBuildConfiguration section */

/* Begin XCConfigurationList section */
		AAAC5E95260ACBD2006C9F95 /* Build configuration list for PBXProject "dotView" */ = {
			isa = XCConfigurationList;
			buildConfigurations = (
				AAAC5EAC260ACBD2006C9F95 /* Debug */,
				AAAC5EAD260ACBD2006C9F95 /* Release */,
			);
			defaultConfigurationIsVisible = 0;
			defaultConfigurationName = Release;
		};
		AAAC5EAE260ACBD2006C9F95 /* Build configuration list for PBXNativeTarget "dotView" */ = {
			isa = XCConfigurationList;
			buildConfigurations = (
				AAAC5EAF260ACBD2006C9F95 /* Debug */,
				AAAC5EB0260ACBD2006C9F95 /* Release */,
			);
			defaultConfigurationIsVisible = 0;
			defaultConfigurationName = Release;
		};
/* End XCConfigurationList section */
	};
	rootObject = AAAC5E92260ACBD2006C9F95 /* Project object */;
}
